
Microsoft Visual Studio Solution File, Format Version 12.00
# Visual Studio Version 16
VisualStudioVersion = 16.0.31205.134
MinimumVisualStudioVersion = 10.0.40219.1
Project("{FAE04EC0-301F-11D3-BF4B-00C04F79EFBC}") = "TreinamentoApplication", "TreinamentoApplication\TreinamentoApplication.csproj", "{4C7F6A3B-71B0-4B04-B925-E3FBF1D693E2}"
EndProject
Project("{FAE04EC0-301F-11D3-BF4B-00C04F79EFBC}") = "Backend", "Backend\Backend.csproj", "{15951B54-518B-43B0-93C3-C2E535F736ED}"
EndProject
Global
	GlobalSection(SolutionConfigurationPlatforms) = preSolution
		Debug|Any CPU = Debug|Any CPU
		Release|Any CPU = Release|Any CPU
	EndGlobalSection
	GlobalSection(ProjectConfigurationPlatforms) = postSolution
		{4C7F6A3B-71B0-4B04-B925-E3FBF1D693E2}.Debug|Any CPU.ActiveCfg = Debug|Any CPU
		{4C7F6A3B-71B0-4B04-B925-E3FBF1D693E2}.Debug|Any CPU.Build.0 = Debug|Any CPU
		{4C7F6A3B-71B0-4B04-B925-E3FBF1D693E2}.Release|Any CPU.ActiveCfg = Release|Any CPU
		{4C7F6A3B-71B0-4B04-B925-E3FBF1D693E2}.Release|Any CPU.Build.0 = Release|Any CPU
		{15951B54-518B-43B0-93C3-C2E535F736ED}.Debug|Any CPU.ActiveCfg = Debug|Any CPU
		{15951B54-518B-43B0-93C3-C2E535F736ED}.Debug|Any CPU.Build.0 = Debug|Any CPU
		{15951B54-518B-43B0-93C3-C2E535F736ED}.Release|Any CPU.ActiveCfg = Release|Any CPU
		{15951B54-518B-43B0-93C3-C2E535F736ED}.Release|Any CPU.Build.0 = Release|Any CPU
	EndGlobalSection
	GlobalSection(SolutionProperties) = preSolution
		HideSolutionNode = FALSE
	EndGlobalSection
	GlobalSection(ExtensibilityGlobals) = postSolution
		SolutionGuid = {B7D47301-9081-4E9E-8641-97339DBF2324}
	EndGlobalSection
EndGlobal
